
Microsoft Visual Studio Solution File, Format Version 12.00
# Visual Studio 15
VisualStudioVersion = 15.0.28010.2003
MinimumVisualStudioVersion = 10.0.40219.1
Project("{FAE04EC0-301F-11D3-BF4B-00C04F79EFBC}") = "Dynamics Group 4 Project", "Dynamics Group 4 Project\Dynamics Group 4 Project.csproj", "{4623FF81-4EDC-431B-B542-C74BD76D92A4}"
EndProject
Project("{FAE04EC0-301F-11D3-BF4B-00C04F79EFBC}") = "Web Application", "Web Application\Web Application.csproj", "{218CF455-99E7-4E08-966F-063671322595}"
EndProject
Project("{FAE04EC0-301F-11D3-BF4B-00C04F79EFBC}") = "Dynamics Plugins", "Dynamics Plugins\Dynamics Plugins.csproj", "{F8F7E34D-4AEB-4D73-9500-06DFBD50D8B5}"
EndProject
Global
	GlobalSection(SolutionConfigurationPlatforms) = preSolution
		Debug|Any CPU = Debug|Any CPU
		Release|Any CPU = Release|Any CPU
	EndGlobalSection
	GlobalSection(ProjectConfigurationPlatforms) = postSolution
		{4623FF81-4EDC-431B-B542-C74BD76D92A4}.Debug|Any CPU.ActiveCfg = Debug|Any CPU
		{4623FF81-4EDC-431B-B542-C74BD76D92A4}.Debug|Any CPU.Build.0 = Debug|Any CPU
		{4623FF81-4EDC-431B-B542-C74BD76D92A4}.Release|Any CPU.ActiveCfg = Release|Any CPU
		{4623FF81-4EDC-431B-B542-C74BD76D92A4}.Release|Any CPU.Build.0 = Release|Any CPU
		{218CF455-99E7-4E08-966F-063671322595}.Debug|Any CPU.ActiveCfg = Debug|Any CPU
		{218CF455-99E7-4E08-966F-063671322595}.Debug|Any CPU.Build.0 = Debug|Any CPU
		{218CF455-99E7-4E08-966F-063671322595}.Release|Any CPU.ActiveCfg = Release|Any CPU
		{218CF455-99E7-4E08-966F-063671322595}.Release|Any CPU.Build.0 = Release|Any CPU
		{F8F7E34D-4AEB-4D73-9500-06DFBD50D8B5}.Debug|Any CPU.ActiveCfg = Debug|Any CPU
		{F8F7E34D-4AEB-4D73-9500-06DFBD50D8B5}.Debug|Any CPU.Build.0 = Debug|Any CPU
		{F8F7E34D-4AEB-4D73-9500-06DFBD50D8B5}.Release|Any CPU.ActiveCfg = Release|Any CPU
		{F8F7E34D-4AEB-4D73-9500-06DFBD50D8B5}.Release|Any CPU.Build.0 = Release|Any CPU
	EndGlobalSection
	GlobalSection(SolutionProperties) = preSolution
		HideSolutionNode = FALSE
	EndGlobalSection
	GlobalSection(ExtensibilityGlobals) = postSolution
		SolutionGuid = {52C8D0E9-FFF8-4084-8AA7-491CC735D079}
	EndGlobalSection
EndGlobal
