
Microsoft Visual Studio Solution File, Format Version 12.00
# Visual Studio 15
VisualStudioVersion = 15.0.28010.2003
MinimumVisualStudioVersion = 10.0.40219.1
Project("{FAE04EC0-301F-11D3-BF4B-00C04F79EFBC}") = "Dynamics Group 4 Project", "Dynamics Group 4 Project\Dynamics Group 4 Project.csproj", "{4623FF81-4EDC-431B-B542-C74BD76D92A4}"
EndProject
Project("{FAE04EC0-301F-11D3-BF4B-00C04F79EFBC}") = "WebApplication", "WebApplication\WebApplication.csproj", "{260145C0-B927-4810-BDA1-AB10AE5206AE}"
EndProject
Project("{FAE04EC0-301F-11D3-BF4B-00C04F79EFBC}") = "DataAccessLayer", "DataAccessLayer\DataAccessLayer.csproj", "{24979943-6DE9-43D8-999B-E11743B6F8BB}"
EndProject
Project("{FAE04EC0-301F-11D3-BF4B-00C04F79EFBC}") = "DynamicsPlugins", "DynamicsPlugins\DynamicsPlugins.csproj", "{C3C28DBD-A3F2-427C-ACD1-3AFF7EFFD92E}"
EndProject
Project("{FAE04EC0-301F-11D3-BF4B-00C04F79EFBC}") = "DynamicsCustomWorkflows", "DynamicsCustomWorkflows\DynamicsCustomWorkflows.csproj", "{EF8A836D-9DD3-4DC0-A474-89F8D6C18E69}"
EndProject
Project("{FAE04EC0-301F-11D3-BF4B-00C04F79EFBC}") = "WebResources", "WebResources\WebResources.csproj", "{60F12016-0BCF-4390-B172-D340B8D5BD0E}"
EndProject
Project("{FAE04EC0-301F-11D3-BF4B-00C04F79EFBC}") = "DailyUpdateConsoleWebJob", "DailyUpdateConsoleWebJob\DailyUpdateConsoleWebJob.csproj", "{FA980FBA-D69B-4BC5-98E4-CCCC3B810E4F}"
EndProject
Global
	GlobalSection(SolutionConfigurationPlatforms) = preSolution
		Debug|Any CPU = Debug|Any CPU
		Release|Any CPU = Release|Any CPU
	EndGlobalSection
	GlobalSection(ProjectConfigurationPlatforms) = postSolution
		{4623FF81-4EDC-431B-B542-C74BD76D92A4}.Debug|Any CPU.ActiveCfg = Debug|Any CPU
		{4623FF81-4EDC-431B-B542-C74BD76D92A4}.Debug|Any CPU.Build.0 = Debug|Any CPU
		{4623FF81-4EDC-431B-B542-C74BD76D92A4}.Release|Any CPU.ActiveCfg = Release|Any CPU
		{4623FF81-4EDC-431B-B542-C74BD76D92A4}.Release|Any CPU.Build.0 = Release|Any CPU
		{260145C0-B927-4810-BDA1-AB10AE5206AE}.Debug|Any CPU.ActiveCfg = Debug|Any CPU
		{260145C0-B927-4810-BDA1-AB10AE5206AE}.Debug|Any CPU.Build.0 = Debug|Any CPU
		{260145C0-B927-4810-BDA1-AB10AE5206AE}.Release|Any CPU.ActiveCfg = Release|Any CPU
		{260145C0-B927-4810-BDA1-AB10AE5206AE}.Release|Any CPU.Build.0 = Release|Any CPU
		{24979943-6DE9-43D8-999B-E11743B6F8BB}.Debug|Any CPU.ActiveCfg = Debug|Any CPU
		{24979943-6DE9-43D8-999B-E11743B6F8BB}.Debug|Any CPU.Build.0 = Debug|Any CPU
		{24979943-6DE9-43D8-999B-E11743B6F8BB}.Release|Any CPU.ActiveCfg = Release|Any CPU
		{24979943-6DE9-43D8-999B-E11743B6F8BB}.Release|Any CPU.Build.0 = Release|Any CPU
		{C3C28DBD-A3F2-427C-ACD1-3AFF7EFFD92E}.Debug|Any CPU.ActiveCfg = Debug|Any CPU
		{C3C28DBD-A3F2-427C-ACD1-3AFF7EFFD92E}.Debug|Any CPU.Build.0 = Debug|Any CPU
		{C3C28DBD-A3F2-427C-ACD1-3AFF7EFFD92E}.Release|Any CPU.ActiveCfg = Release|Any CPU
		{C3C28DBD-A3F2-427C-ACD1-3AFF7EFFD92E}.Release|Any CPU.Build.0 = Release|Any CPU
		{EF8A836D-9DD3-4DC0-A474-89F8D6C18E69}.Debug|Any CPU.ActiveCfg = Debug|Any CPU
		{EF8A836D-9DD3-4DC0-A474-89F8D6C18E69}.Debug|Any CPU.Build.0 = Debug|Any CPU
		{EF8A836D-9DD3-4DC0-A474-89F8D6C18E69}.Release|Any CPU.ActiveCfg = Release|Any CPU
		{EF8A836D-9DD3-4DC0-A474-89F8D6C18E69}.Release|Any CPU.Build.0 = Release|Any CPU
		{60F12016-0BCF-4390-B172-D340B8D5BD0E}.Debug|Any CPU.ActiveCfg = Debug|Any CPU
		{60F12016-0BCF-4390-B172-D340B8D5BD0E}.Debug|Any CPU.Build.0 = Debug|Any CPU
		{60F12016-0BCF-4390-B172-D340B8D5BD0E}.Release|Any CPU.ActiveCfg = Release|Any CPU
		{60F12016-0BCF-4390-B172-D340B8D5BD0E}.Release|Any CPU.Build.0 = Release|Any CPU
		{FA980FBA-D69B-4BC5-98E4-CCCC3B810E4F}.Debug|Any CPU.ActiveCfg = Debug|Any CPU
		{FA980FBA-D69B-4BC5-98E4-CCCC3B810E4F}.Debug|Any CPU.Build.0 = Debug|Any CPU
		{FA980FBA-D69B-4BC5-98E4-CCCC3B810E4F}.Release|Any CPU.ActiveCfg = Release|Any CPU
		{FA980FBA-D69B-4BC5-98E4-CCCC3B810E4F}.Release|Any CPU.Build.0 = Release|Any CPU
	EndGlobalSection
	GlobalSection(SolutionProperties) = preSolution
		HideSolutionNode = FALSE
	EndGlobalSection
	GlobalSection(ExtensibilityGlobals) = postSolution
		SolutionGuid = {52C8D0E9-FFF8-4084-8AA7-491CC735D079}
	EndGlobalSection
EndGlobal
